
Microsoft Visual Studio Solution File, Format Version 12.00
# Visual Studio 2012
Project("{8BC9CEB8-8B4A-11D0-8D11-00A0C91BC942}") = "XSpace", "XSpace\XSpace.vcxproj", "{57E827B0-1AF3-4312-9583-54EFCFE5B4BC}"
EndProject
Global
	GlobalSection(SolutionConfigurationPlatforms) = preSolution
		Debug|Win32 = Debug|Win32
		Release|Win32 = Release|Win32
	EndGlobalSection
	GlobalSection(ProjectConfigurationPlatforms) = postSolution
		{57E827B0-1AF3-4312-9583-54EFCFE5B4BC}.Debug|Win32.ActiveCfg = Debug|Win32
		{57E827B0-1AF3-4312-9583-54EFCFE5B4BC}.Debug|Win32.Build.0 = Debug|Win32
		{57E827B0-1AF3-4312-9583-54EFCFE5B4BC}.Release|Win32.ActiveCfg = Release|Win32
		{57E827B0-1AF3-4312-9583-54EFCFE5B4BC}.Release|Win32.Build.0 = Release|Win32
	EndGlobalSection
	GlobalSection(SolutionProperties) = preSolution
		HideSolutionNode = FALSE
	EndGlobalSection
EndGlobal
